// !$*UTF8*$!
{
	archiveVersion = 1;
	classes = {
	};
	objectVersion = 50;
	objects = {

/* Begin PBXBuildFile section */
		923DD26022B19AB2009422ED /* AppDelegate.swift in Sources */ = {isa = PBXBuildFile; fileRef = 923DD25F22B19AB2009422ED /* AppDelegate.swift */; };
		923DD26222B19AB2009422ED /* HomeVC.swift in Sources */ = {isa = PBXBuildFile; fileRef = 923DD26122B19AB2009422ED /* HomeVC.swift */; };
		923DD26522B19AB3009422ED /* Main.storyboard in Resources */ = {isa = PBXBuildFile; fileRef = 923DD26322B19AB3009422ED /* Main.storyboard */; };
		923DD26722B19AB5009422ED /* Assets.xcassets in Resources */ = {isa = PBXBuildFile; fileRef = 923DD26622B19AB5009422ED /* Assets.xcassets */; };
		923DD26A22B19AB5009422ED /* LaunchScreen.storyboard in Resources */ = {isa = PBXBuildFile; fileRef = 923DD26822B19AB5009422ED /* LaunchScreen.storyboard */; };
		923DD27522B19AB5009422ED /* GootEatsTests.swift in Sources */ = {isa = PBXBuildFile; fileRef = 923DD27422B19AB5009422ED /* GootEatsTests.swift */; };
		923DD28022B19BCB009422ED /* FoodCategory.swift in Sources */ = {isa = PBXBuildFile; fileRef = 923DD27F22B19BCB009422ED /* FoodCategory.swift */; };
		923DD28222B1A067009422ED /* Recipe.swift in Sources */ = {isa = PBXBuildFile; fileRef = 923DD28122B1A067009422ED /* Recipe.swift */; };
		923DD28422B1A0B8009422ED /* Dataset.swift in Sources */ = {isa = PBXBuildFile; fileRef = 923DD28322B1A0B8009422ED /* Dataset.swift */; };
		923DD28822B2F80C009422ED /* CategoryCell.swift in Sources */ = {isa = PBXBuildFile; fileRef = 923DD28722B2F80C009422ED /* CategoryCell.swift */; };
		923DD28B22B2FBB9009422ED /* RecipesSelectionVC.swift in Sources */ = {isa = PBXBuildFile; fileRef = 923DD28A22B2FBB9009422ED /* RecipesSelectionVC.swift */; };
/* End PBXBuildFile section */

/* Begin PBXContainerItemProxy section */
		923DD27122B19AB5009422ED /* PBXContainerItemProxy */ = {
			isa = PBXContainerItemProxy;
			containerPortal = 923DD25422B19AB2009422ED /* Project object */;
			proxyType = 1;
			remoteGlobalIDString = 923DD25B22B19AB2009422ED;
			remoteInfo = GootEats;
		};
/* End PBXContainerItemProxy section */

/* Begin PBXFileReference section */
		923DD25C22B19AB2009422ED /* GootEats.app */ = {isa = PBXFileReference; explicitFileType = wrapper.application; includeInIndex = 0; path = GootEats.app; sourceTree = BUILT_PRODUCTS_DIR; };
		923DD25F22B19AB2009422ED /* AppDelegate.swift */ = {isa = PBXFileReference; lastKnownFileType = sourcecode.swift; path = AppDelegate.swift; sourceTree = "<group>"; };
		923DD26122B19AB2009422ED /* HomeVC.swift */ = {isa = PBXFileReference; lastKnownFileType = sourcecode.swift; path = HomeVC.swift; sourceTree = "<group>"; };
		923DD26422B19AB3009422ED /* Base */ = {isa = PBXFileReference; lastKnownFileType = file.storyboard; name = Base; path = Base.lproj/Main.storyboard; sourceTree = "<group>"; };
		923DD26622B19AB5009422ED /* Assets.xcassets */ = {isa = PBXFileReference; lastKnownFileType = folder.assetcatalog; path = Assets.xcassets; sourceTree = "<group>"; };
		923DD26922B19AB5009422ED /* Base */ = {isa = PBXFileReference; lastKnownFileType = file.storyboard; name = Base; path = Base.lproj/LaunchScreen.storyboard; sourceTree = "<group>"; };
		923DD26B22B19AB5009422ED /* Info.plist */ = {isa = PBXFileReference; lastKnownFileType = text.plist.xml; path = Info.plist; sourceTree = "<group>"; };
		923DD27022B19AB5009422ED /* GootEatsTests.xctest */ = {isa = PBXFileReference; explicitFileType = wrapper.cfbundle; includeInIndex = 0; path = GootEatsTests.xctest; sourceTree = BUILT_PRODUCTS_DIR; };
		923DD27422B19AB5009422ED /* GootEatsTests.swift */ = {isa = PBXFileReference; lastKnownFileType = sourcecode.swift; path = GootEatsTests.swift; sourceTree = "<group>"; };
		923DD27622B19AB5009422ED /* Info.plist */ = {isa = PBXFileReference; lastKnownFileType = text.plist.xml; path = Info.plist; sourceTree = "<group>"; };
		923DD27F22B19BCB009422ED /* FoodCategory.swift */ = {isa = PBXFileReference; lastKnownFileType = sourcecode.swift; path = FoodCategory.swift; sourceTree = "<group>"; };
		923DD28122B1A067009422ED /* Recipe.swift */ = {isa = PBXFileReference; lastKnownFileType = sourcecode.swift; path = Recipe.swift; sourceTree = "<group>"; };
		923DD28322B1A0B8009422ED /* Dataset.swift */ = {isa = PBXFileReference; lastKnownFileType = sourcecode.swift; path = Dataset.swift; sourceTree = "<group>"; };
		923DD28722B2F80C009422ED /* CategoryCell.swift */ = {isa = PBXFileReference; lastKnownFileType = sourcecode.swift; path = CategoryCell.swift; sourceTree = "<group>"; };
		923DD28A22B2FBB9009422ED /* RecipesSelectionVC.swift */ = {isa = PBXFileReference; lastKnownFileType = sourcecode.swift; path = RecipesSelectionVC.swift; sourceTree = "<group>"; };
/* End PBXFileReference section */

/* Begin PBXFrameworksBuildPhase section */
		923DD25922B19AB2009422ED /* Frameworks */ = {
			isa = PBXFrameworksBuildPhase;
			buildActionMask = 2147483647;
			files = (
			);
			runOnlyForDeploymentPostprocessing = 0;
		};
		923DD26D22B19AB5009422ED /* Frameworks */ = {
			isa = PBXFrameworksBuildPhase;
			buildActionMask = 2147483647;
			files = (
			);
			runOnlyForDeploymentPostprocessing = 0;
		};
/* End PBXFrameworksBuildPhase section */

/* Begin PBXGroup section */
		923DD25322B19AB2009422ED = {
			isa = PBXGroup;
			children = (
				923DD25E22B19AB2009422ED /* GootEats */,
				923DD27322B19AB5009422ED /* GootEatsTests */,
				923DD25D22B19AB2009422ED /* Products */,
			);
			sourceTree = "<group>";
		};
		923DD25D22B19AB2009422ED /* Products */ = {
			isa = PBXGroup;
			children = (
				923DD25C22B19AB2009422ED /* GootEats.app */,
				923DD27022B19AB5009422ED /* GootEatsTests.xctest */,
			);
			name = Products;
			sourceTree = "<group>";
		};
		923DD25E22B19AB2009422ED /* GootEats */ = {
			isa = PBXGroup;
			children = (
				923DD25F22B19AB2009422ED /* AppDelegate.swift */,
				923DD28622B2F721009422ED /* Controller */,
				923DD26322B19AB3009422ED /* Main.storyboard */,
				923DD26622B19AB5009422ED /* Assets.xcassets */,
				923DD26822B19AB5009422ED /* LaunchScreen.storyboard */,
				923DD26B22B19AB5009422ED /* Info.plist */,
				923DD28522B1A1DA009422ED /* Model */,
				923DD28922B2F90A009422ED /* View */,
			);
			path = GootEats;
			sourceTree = "<group>";
		};
		923DD27322B19AB5009422ED /* GootEatsTests */ = {
			isa = PBXGroup;
			children = (
				923DD27422B19AB5009422ED /* GootEatsTests.swift */,
				923DD27622B19AB5009422ED /* Info.plist */,
			);
			path = GootEatsTests;
			sourceTree = "<group>";
		};
		923DD28522B1A1DA009422ED /* Model */ = {
			isa = PBXGroup;
			children = (
				923DD27F22B19BCB009422ED /* FoodCategory.swift */,
				923DD28122B1A067009422ED /* Recipe.swift */,
				923DD28322B1A0B8009422ED /* Dataset.swift */,
			);
			path = Model;
			sourceTree = "<group>";
		};
		923DD28622B2F721009422ED /* Controller */ = {
			isa = PBXGroup;
			children = (
				923DD26122B19AB2009422ED /* HomeVC.swift */,
				923DD28A22B2FBB9009422ED /* RecipesSelectionVC.swift */,
			);
			path = Controller;
			sourceTree = "<group>";
		};
		923DD28922B2F90A009422ED /* View */ = {
			isa = PBXGroup;
			children = (
				923DD28722B2F80C009422ED /* CategoryCell.swift */,
			);
			path = View;
			sourceTree = "<group>";
		};
/* End PBXGroup section */

/* Begin PBXNativeTarget section */
		923DD25B22B19AB2009422ED /* GootEats */ = {
			isa = PBXNativeTarget;
			buildConfigurationList = 923DD27922B19AB5009422ED /* Build configuration list for PBXNativeTarget "GootEats" */;
			buildPhases = (
				923DD25822B19AB2009422ED /* Sources */,
				923DD25922B19AB2009422ED /* Frameworks */,
				923DD25A22B19AB2009422ED /* Resources */,
			);
			buildRules = (
			);
			dependencies = (
			);
			name = GootEats;
			productName = GootEats;
			productReference = 923DD25C22B19AB2009422ED /* GootEats.app */;
			productType = "com.apple.product-type.application";
		};
		923DD26F22B19AB5009422ED /* GootEatsTests */ = {
			isa = PBXNativeTarget;
			buildConfigurationList = 923DD27C22B19AB5009422ED /* Build configuration list for PBXNativeTarget "GootEatsTests" */;
			buildPhases = (
				923DD26C22B19AB5009422ED /* Sources */,
				923DD26D22B19AB5009422ED /* Frameworks */,
				923DD26E22B19AB5009422ED /* Resources */,
			);
			buildRules = (
			);
			dependencies = (
				923DD27222B19AB5009422ED /* PBXTargetDependency */,
			);
			name = GootEatsTests;
			productName = GootEatsTests;
			productReference = 923DD27022B19AB5009422ED /* GootEatsTests.xctest */;
			productType = "com.apple.product-type.bundle.unit-test";
		};
/* End PBXNativeTarget section */

/* Begin PBXProject section */
		923DD25422B19AB2009422ED /* Project object */ = {
			isa = PBXProject;
			attributes = {
				LastSwiftUpdateCheck = 1020;
				LastUpgradeCheck = 1020;
				ORGANIZATIONNAME = "Valeria Duran";
				TargetAttributes = {
					923DD25B22B19AB2009422ED = {
						CreatedOnToolsVersion = 10.2.1;
					};
					923DD26F22B19AB5009422ED = {
						CreatedOnToolsVersion = 10.2.1;
						TestTargetID = 923DD25B22B19AB2009422ED;
					};
				};
			};
			buildConfigurationList = 923DD25722B19AB2009422ED /* Build configuration list for PBXProject "GootEats" */;
			compatibilityVersion = "Xcode 9.3";
			developmentRegion = en;
			hasScannedForEncodings = 0;
			knownRegions = (
				en,
				Base,
			);
			mainGroup = 923DD25322B19AB2009422ED;
			productRefGroup = 923DD25D22B19AB2009422ED /* Products */;
			projectDirPath = "";
			projectRoot = "";
			targets = (
				923DD25B22B19AB2009422ED /* GootEats */,
				923DD26F22B19AB5009422ED /* GootEatsTests */,
			);
		};
/* End PBXProject section */

/* Begin PBXResourcesBuildPhase section */
		923DD25A22B19AB2009422ED /* Resources */ = {
			isa = PBXResourcesBuildPhase;
			buildActionMask = 2147483647;
			files = (
				923DD26A22B19AB5009422ED /* LaunchScreen.storyboard in Resources */,
				923DD26722B19AB5009422ED /* Assets.xcassets in Resources */,
				923DD26522B19AB3009422ED /* Main.storyboard in Resources */,
			);
			runOnlyForDeploymentPostprocessing = 0;
		};
		923DD26E22B19AB5009422ED /* Resources */ = {
			isa = PBXResourcesBuildPhase;
			buildActionMask = 2147483647;
			files = (
			);
			runOnlyForDeploymentPostprocessing = 0;
		};
/* End PBXResourcesBuildPhase section */

/* Begin PBXSourcesBuildPhase section */
		923DD25822B19AB2009422ED /* Sources */ = {
			isa = PBXSourcesBuildPhase;
			buildActionMask = 2147483647;
			files = (
				923DD26222B19AB2009422ED /* HomeVC.swift in Sources */,
				923DD28422B1A0B8009422ED /* Dataset.swift in Sources */,
				923DD28022B19BCB009422ED /* FoodCategory.swift in Sources */,
				923DD26022B19AB2009422ED /* AppDelegate.swift in Sources */,
				923DD28B22B2FBB9009422ED /* RecipesSelectionVC.swift in Sources */,
				923DD28222B1A067009422ED /* Recipe.swift in Sources */,
				923DD28822B2F80C009422ED /* CategoryCell.swift in Sources */,
			);
			runOnlyForDeploymentPostprocessing = 0;
		};
		923DD26C22B19AB5009422ED /* Sources */ = {
			isa = PBXSourcesBuildPhase;
			buildActionMask = 2147483647;
			files = (
				923DD27522B19AB5009422ED /* GootEatsTests.swift in Sources */,
			);
			runOnlyForDeploymentPostprocessing = 0;
		};
/* End PBXSourcesBuildPhase section */

/* Begin PBXTargetDependency section */
		923DD27222B19AB5009422ED /* PBXTargetDependency */ = {
			isa = PBXTargetDependency;
			target = 923DD25B22B19AB2009422ED /* GootEats */;
			targetProxy = 923DD27122B19AB5009422ED /* PBXContainerItemProxy */;
		};
/* End PBXTargetDependency section */

/* Begin PBXVariantGroup section */
		923DD26322B19AB3009422ED /* Main.storyboard */ = {
			isa = PBXVariantGroup;
			children = (
				923DD26422B19AB3009422ED /* Base */,
			);
			name = Main.storyboard;
			sourceTree = "<group>";
		};
		923DD26822B19AB5009422ED /* LaunchScreen.storyboard */ = {
			isa = PBXVariantGroup;
			children = (
				923DD26922B19AB5009422ED /* Base */,
			);
			name = LaunchScreen.storyboard;
			sourceTree = "<group>";
		};
/* End PBXVariantGroup section */

/* Begin XCBuildConfiguration section */
		923DD27722B19AB5009422ED /* Debug */ = {
			isa = XCBuildConfiguration;
			buildSettings = {
				ALWAYS_SEARCH_USER_PATHS = NO;
				CLANG_ANALYZER_NONNULL = YES;
				CLANG_ANALYZER_NUMBER_OBJECT_CONVERSION = YES_AGGRESSIVE;
				CLANG_CXX_LANGUAGE_STANDARD = "gnu++14";
				CLANG_CXX_LIBRARY = "libc++";
				CLANG_ENABLE_MODULES = YES;
				CLANG_ENABLE_OBJC_ARC = YES;
				CLANG_ENABLE_OBJC_WEAK = YES;
				CLANG_WARN_BLOCK_CAPTURE_AUTORELEASING = YES;
				CLANG_WARN_BOOL_CONVERSION = YES;
				CLANG_WARN_COMMA = YES;
				CLANG_WARN_CONSTANT_CONVERSION = YES;
				CLANG_WARN_DEPRECATED_OBJC_IMPLEMENTATIONS = YES;
				CLANG_WARN_DIRECT_OBJC_ISA_USAGE = YES_ERROR;
				CLANG_WARN_DOCUMENTATION_COMMENTS = YES;
				CLANG_WARN_EMPTY_BODY = YES;
				CLANG_WARN_ENUM_CONVERSION = YES;
				CLANG_WARN_INFINITE_RECURSION = YES;
				CLANG_WARN_INT_CONVERSION = YES;
				CLANG_WARN_NON_LITERAL_NULL_CONVERSION = YES;
				CLANG_WARN_OBJC_IMPLICIT_RETAIN_SELF = YES;
				CLANG_WARN_OBJC_LITERAL_CONVERSION = YES;
				CLANG_WARN_OBJC_ROOT_CLASS = YES_ERROR;
				CLANG_WARN_RANGE_LOOP_ANALYSIS = YES;
				CLANG_WARN_STRICT_PROTOTYPES = YES;
				CLANG_WARN_SUSPICIOUS_MOVE = YES;
				CLANG_WARN_UNGUARDED_AVAILABILITY = YES_AGGRESSIVE;
				CLANG_WARN_UNREACHABLE_CODE = YES;
				CLANG_WARN__DUPLICATE_METHOD_MATCH = YES;
				CODE_SIGN_IDENTITY = "iPhone Developer";
				COPY_PHASE_STRIP = NO;
				DEBUG_INFORMATION_FORMAT = dwarf;
				ENABLE_STRICT_OBJC_MSGSEND = YES;
				ENABLE_TESTABILITY = YES;
				GCC_C_LANGUAGE_STANDARD = gnu11;
				GCC_DYNAMIC_NO_PIC = NO;
				GCC_NO_COMMON_BLOCKS = YES;
				GCC_OPTIMIZATION_LEVEL = 0;
				GCC_PREPROCESSOR_DEFINITIONS = (
					"DEBUG=1",
					"$(inherited)",
				);
				GCC_WARN_64_TO_32_BIT_CONVERSION = YES;
				GCC_WARN_ABOUT_RETURN_TYPE = YES_ERROR;
				GCC_WARN_UNDECLARED_SELECTOR = YES;
				GCC_WARN_UNINITIALIZED_AUTOS = YES_AGGRESSIVE;
				GCC_WARN_UNUSED_FUNCTION = YES;
				GCC_WARN_UNUSED_VARIABLE = YES;
				IPHONEOS_DEPLOYMENT_TARGET = 12.2;
				MTL_ENABLE_DEBUG_INFO = INCLUDE_SOURCE;
				MTL_FAST_MATH = YES;
				ONLY_ACTIVE_ARCH = YES;
				SDKROOT = iphoneos;
				SWIFT_ACTIVE_COMPILATION_CONDITIONS = DEBUG;
				SWIFT_OPTIMIZATION_LEVEL = "-Onone";
			};
			name = Debug;
		};
		923DD27822B19AB5009422ED /* Release */ = {
			isa = XCBuildConfiguration;
			buildSettings = {
				ALWAYS_SEARCH_USER_PATHS = NO;
				CLANG_ANALYZER_NONNULL = YES;
				CLANG_ANALYZER_NUMBER_OBJECT_CONVERSION = YES_AGGRESSIVE;
				CLANG_CXX_LANGUAGE_STANDARD = "gnu++14";
				CLANG_CXX_LIBRARY = "libc++";
				CLANG_ENABLE_MODULES = YES;
				CLANG_ENABLE_OBJC_ARC = YES;
				CLANG_ENABLE_OBJC_WEAK = YES;
				CLANG_WARN_BLOCK_CAPTURE_AUTORELEASING = YES;
				CLANG_WARN_BOOL_CONVERSION = YES;
				CLANG_WARN_COMMA = YES;
				CLANG_WARN_CONSTANT_CONVERSION = YES;
				CLANG_WARN_DEPRECATED_OBJC_IMPLEMENTATIONS = YES;
				CLANG_WARN_DIRECT_OBJC_ISA_USAGE = YES_ERROR;
				CLANG_WARN_DOCUMENTATION_COMMENTS = YES;
				CLANG_WARN_EMPTY_BODY = YES;
				CLANG_WARN_ENUM_CONVERSION = YES;
				CLANG_WARN_INFINITE_RECURSION = YES;
				CLANG_WARN_INT_CONVERSION = YES;
				CLANG_WARN_NON_LITERAL_NULL_CONVERSION = YES;
				CLANG_WARN_OBJC_IMPLICIT_RETAIN_SELF = YES;
				CLANG_WARN_OBJC_LITERAL_CONVERSION = YES;
				CLANG_WARN_OBJC_ROOT_CLASS = YES_ERROR;
				CLANG_WARN_RANGE_LOOP_ANALYSIS = YES;
				CLANG_WARN_STRICT_PROTOTYPES = YES;
				CLANG_WARN_SUSPICIOUS_MOVE = YES;
				CLANG_WARN_UNGUARDED_AVAILABILITY = YES_AGGRESSIVE;
				CLANG_WARN_UNREACHABLE_CODE = YES;
				CLANG_WARN__DUPLICATE_METHOD_MATCH = YES;
				CODE_SIGN_IDENTITY = "iPhone Developer";
				COPY_PHASE_STRIP = NO;
				DEBUG_INFORMATION_FORMAT = "dwarf-with-dsym";
				ENABLE_NS_ASSERTIONS = NO;
				ENABLE_STRICT_OBJC_MSGSEND = YES;
				GCC_C_LANGUAGE_STANDARD = gnu11;
				GCC_NO_COMMON_BLOCKS = YES;
				GCC_WARN_64_TO_32_BIT_CONVERSION = YES;
				GCC_WARN_ABOUT_RETURN_TYPE = YES_ERROR;
				GCC_WARN_UNDECLARED_SELECTOR = YES;
				GCC_WARN_UNINITIALIZED_AUTOS = YES_AGGRESSIVE;
				GCC_WARN_UNUSED_FUNCTION = YES;
				GCC_WARN_UNUSED_VARIABLE = YES;
				IPHONEOS_DEPLOYMENT_TARGET = 12.2;
				MTL_ENABLE_DEBUG_INFO = NO;
				MTL_FAST_MATH = YES;
				SDKROOT = iphoneos;
				SWIFT_COMPILATION_MODE = wholemodule;
				SWIFT_OPTIMIZATION_LEVEL = "-O";
				VALIDATE_PRODUCT = YES;
			};
			name = Release;
		};
		923DD27A22B19AB5009422ED /* Debug */ = {
			isa = XCBuildConfiguration;
			buildSettings = {
				ASSETCATALOG_COMPILER_APPICON_NAME = AppIcon;
				CODE_SIGN_STYLE = Automatic;
				DEVELOPMENT_TEAM = HRKG2LQN4U;
				INFOPLIST_FILE = GootEats/Info.plist;
				LD_RUNPATH_SEARCH_PATHS = (
					"$(inherited)",
					"@executable_path/Frameworks",
				);
				PRODUCT_BUNDLE_IDENTIFIER = com.Rogue.GootEats;
				PRODUCT_NAME = "$(TARGET_NAME)";
				SWIFT_VERSION = 5.0;
				TARGETED_DEVICE_FAMILY = "1,2";
			};
			name = Debug;
		};
		923DD27B22B19AB5009422ED /* Release */ = {
			isa = XCBuildConfiguration;
			buildSettings = {
				ASSETCATALOG_COMPILER_APPICON_NAME = AppIcon;
				CODE_SIGN_STYLE = Automatic;
				DEVELOPMENT_TEAM = HRKG2LQN4U;
				INFOPLIST_FILE = GootEats/Info.plist;
				LD_RUNPATH_SEARCH_PATHS = (
					"$(inherited)",
					"@executable_path/Frameworks",
				);
				PRODUCT_BUNDLE_IDENTIFIER = com.Rogue.GootEats;
				PRODUCT_NAME = "$(TARGET_NAME)";
				SWIFT_VERSION = 5.0;
				TARGETED_DEVICE_FAMILY = "1,2";
			};
			name = Release;
		};
		923DD27D22B19AB5009422ED /* Debug */ = {
			isa = XCBuildConfiguration;
			buildSettings = {
				ALWAYS_EMBED_SWIFT_STANDARD_LIBRARIES = YES;
				BUNDLE_LOADER = "$(TEST_HOST)";
				CODE_SIGN_STYLE = Automatic;
				DEVELOPMENT_TEAM = HRKG2LQN4U;
				INFOPLIST_FILE = GootEatsTests/Info.plist;
				LD_RUNPATH_SEARCH_PATHS = (
					"$(inherited)",
					"@executable_path/Frameworks",
					"@loader_path/Frameworks",
				);
				PRODUCT_BUNDLE_IDENTIFIER = com.Rogue.GootEatsTests;
				PRODUCT_NAME = "$(TARGET_NAME)";
				SWIFT_VERSION = 5.0;
				TARGETED_DEVICE_FAMILY = "1,2";
				TEST_HOST = "$(BUILT_PRODUCTS_DIR)/GootEats.app/GootEats";
			};
			name = Debug;
		};
		923DD27E22B19AB5009422ED /* Release */ = {
			isa = XCBuildConfiguration;
			buildSettings = {
				ALWAYS_EMBED_SWIFT_STANDARD_LIBRARIES = YES;
				BUNDLE_LOADER = "$(TEST_HOST)";
				CODE_SIGN_STYLE = Automatic;
				DEVELOPMENT_TEAM = HRKG2LQN4U;
				INFOPLIST_FILE = GootEatsTests/Info.plist;
				LD_RUNPATH_SEARCH_PATHS = (
					"$(inherited)",
					"@executable_path/Frameworks",
					"@loader_path/Frameworks",
				);
				PRODUCT_BUNDLE_IDENTIFIER = com.Rogue.GootEatsTests;
				PRODUCT_NAME = "$(TARGET_NAME)";
				SWIFT_VERSION = 5.0;
				TARGETED_DEVICE_FAMILY = "1,2";
				TEST_HOST = "$(BUILT_PRODUCTS_DIR)/GootEats.app/GootEats";
			};
			name = Release;
		};
/* End XCBuildConfiguration section */

/* Begin XCConfigurationList section */
		923DD25722B19AB2009422ED /* Build configuration list for PBXProject "GootEats" */ = {
			isa = XCConfigurationList;
			buildConfigurations = (
				923DD27722B19AB5009422ED /* Debug */,
				923DD27822B19AB5009422ED /* Release */,
			);
			defaultConfigurationIsVisible = 0;
			defaultConfigurationName = Release;
		};
		923DD27922B19AB5009422ED /* Build configuration list for PBXNativeTarget "GootEats" */ = {
			isa = XCConfigurationList;
			buildConfigurations = (
				923DD27A22B19AB5009422ED /* Debug */,
				923DD27B22B19AB5009422ED /* Release */,
			);
			defaultConfigurationIsVisible = 0;
			defaultConfigurationName = Release;
		};
		923DD27C22B19AB5009422ED /* Build configuration list for PBXNativeTarget "GootEatsTests" */ = {
			isa = XCConfigurationList;
			buildConfigurations = (
				923DD27D22B19AB5009422ED /* Debug */,
				923DD27E22B19AB5009422ED /* Release */,
			);
			defaultConfigurationIsVisible = 0;
			defaultConfigurationName = Release;
		};
/* End XCConfigurationList section */
	};
	rootObject = 923DD25422B19AB2009422ED /* Project object */;
}
